
Microsoft Visual Studio Solution File, Format Version 12.00
# Visual Studio 2013
VisualStudioVersion = 12.0.21005.1
MinimumVisualStudioVersion = 10.0.40219.1
Project("{002A2DE9-8BB6-484D-9802-7E4AD4084715}") = "FirstDApp", "FirstDApp\FirstDApp.visualdproj", "{E2D7BBFA-CBCB-4436-A5E7-F6BBAC946776}"
EndProject
Global
	GlobalSection(SolutionConfigurationPlatforms) = preSolution
		Debug|Win32 = Debug|Win32
		Release|Win32 = Release|Win32
	EndGlobalSection
	GlobalSection(ProjectConfigurationPlatforms) = postSolution
		{E2D7BBFA-CBCB-4436-A5E7-F6BBAC946776}.Debug|Win32.ActiveCfg = Debug|Win32
		{E2D7BBFA-CBCB-4436-A5E7-F6BBAC946776}.Debug|Win32.Build.0 = Debug|Win32
		{E2D7BBFA-CBCB-4436-A5E7-F6BBAC946776}.Release|Win32.ActiveCfg = Release|Win32
		{E2D7BBFA-CBCB-4436-A5E7-F6BBAC946776}.Release|Win32.Build.0 = Release|Win32
	EndGlobalSection
	GlobalSection(SolutionProperties) = preSolution
		HideSolutionNode = FALSE
	EndGlobalSection
EndGlobal
