<?xml version="1.0" encoding="utf-8"?>
<Project ToolsVersion="4.0" xmlns="http://schemas.microsoft.com/developer/msbuild/2003">
  <ItemGroup>
    <Filter Include="Source Files">
      <UniqueIdentifier>{4FC737F1-C7A5-4376-A066-2A32D752A2FF}</UniqueIdentifier>
      <Extensions>cpp;c;cc;cxx;def;odl;idl;hpj;bat;asm;asmx</Extensions>
    </Filter>
    <Filter Include="Header Files">
      <UniqueIdentifier>{93995380-89BD-4b04-88EB-625FBE52EBFB}</UniqueIdentifier>
      <Extensions>h;hh;hpp;hxx;hm;inl;inc;xsd</Extensions>
    </Filter>
    <Filter Include="Resource Files">
      <UniqueIdentifier>{67DA6AB6-F800-4c08-8B7A-83BB121AAD01}</UniqueIdentifier>
      <Extensions>rc;ico;cur;bmp;dlg;rc2;rct;bin;rgs;gif;jpg;jpeg;jpe;resx;tiff;tif;png;wav;mfcribbon-ms</Extensions>
    </Filter>
    <Filter Include="BlackJack">
      <UniqueIdentifier>{fdff0836-b6d5-4f83-85aa-bec706ab7a51}</UniqueIdentifier>
    </Filter>
    <Filter Include="BlackJack\BlackJack Source">
      <UniqueIdentifier>{11c622d3-3a06-4b8f-91ff-1139ff3b074e}</UniqueIdentifier>
    </Filter>
    <Filter Include="BlackJack\BlackJack Headers">
      <UniqueIdentifier>{344d5d0a-5f5d-4124-b28a-b34deddb6526}</UniqueIdentifier>
    </Filter>
  </ItemGroup>
  <ItemGroup>
    <Text Include="ReadMe.txt" />
  </ItemGroup>
  <ItemGroup>
    <ClCompile Include="Assignment2-ConcurrentBlackJack.cpp" />
    <ClCompile Include="Game.cpp">
      <Filter>Source Files</Filter>
    </ClCompile>
    <ClCompile Include="MessageInput.cpp">
      <Filter>Source Files</Filter>
    </ClCompile>
    <ClCompile Include="MessageOutput.cpp">
      <Filter>Source Files</Filter>
    </ClCompile>
    <ClCompile Include="Player.cpp">
      <Filter>Source Files</Filter>
    </ClCompile>
    <ClCompile Include="Router.cpp">
      <Filter>Source Files</Filter>
    </ClCompile>
    <ClCompile Include="Server.cpp">
      <Filter>Source Files</Filter>
    </ClCompile>
    <ClCompile Include="TCPServer.cpp">
      <Filter>Source Files</Filter>
    </ClCompile>
    <ClCompile Include="TCPGameServer.cpp">
      <Filter>Source Files</Filter>
    </ClCompile>
    <ClCompile Include="House.cpp">
      <Filter>Source Files</Filter>
    </ClCompile>
    <ClCompile Include="BlackjackGame.cpp">
      <Filter>BlackJack\BlackJack Source</Filter>
    </ClCompile>
    <ClCompile Include="BlackjackPlayer.cpp">
      <Filter>BlackJack\BlackJack Source</Filter>
    </ClCompile>
    <ClCompile Include="Card.cpp">
      <Filter>BlackJack\BlackJack Source</Filter>
    </ClCompile>
    <ClCompile Include="Deck.cpp">
      <Filter>BlackJack\BlackJack Source</Filter>
    </ClCompile>
    <ClCompile Include="GenericPlayer.cpp">
      <Filter>BlackJack\BlackJack Source</Filter>
    </ClCompile>
    <ClCompile Include="Hand.cpp">
      <Filter>BlackJack\BlackJack Source</Filter>
    </ClCompile>
    <ClCompile Include="BlackjackProtocol.cpp">
      <Filter>BlackJack\BlackJack Source</Filter>
    </ClCompile>
  </ItemGroup>
  <ItemGroup>
    <ClInclude Include="Game.h">
      <Filter>Header Files</Filter>
    </ClInclude>
    <ClInclude Include="MessageInput.h">
      <Filter>Header Files</Filter>
    </ClInclude>
    <ClInclude Include="MessageOutput.h">
      <Filter>Header Files</Filter>
    </ClInclude>
    <ClInclude Include="Player.h">
      <Filter>Header Files</Filter>
    </ClInclude>
    <ClInclude Include="Router.h">
      <Filter>Header Files</Filter>
    </ClInclude>
    <ClInclude Include="Server.h">
      <Filter>Header Files</Filter>
    </ClInclude>
    <ClInclude Include="TCPGameServer.h">
      <Filter>Header Files</Filter>
    </ClInclude>
    <ClInclude Include="TCPServer.h">
      <Filter>Header Files</Filter>
    </ClInclude>
    <ClInclude Include="Protocol.h">
      <Filter>Header Files</Filter>
    </ClInclude>
    <ClInclude Include="House.h">
      <Filter>Header Files</Filter>
    </ClInclude>
    <ClInclude Include="BlackjackGame.h">
      <Filter>BlackJack\BlackJack Headers</Filter>
    </ClInclude>
    <ClInclude Include="BlackjackPlayer.h">
      <Filter>BlackJack\BlackJack Headers</Filter>
    </ClInclude>
    <ClInclude Include="Card.h">
      <Filter>BlackJack\BlackJack Headers</Filter>
    </ClInclude>
    <ClInclude Include="Deck.h">
      <Filter>BlackJack\BlackJack Headers</Filter>
    </ClInclude>
    <ClInclude Include="GenericPlayer.h">
      <Filter>BlackJack\BlackJack Headers</Filter>
    </ClInclude>
    <ClInclude Include="Hand.h">
      <Filter>BlackJack\BlackJack Headers</Filter>
    </ClInclude>
    <ClInclude Include="BlackjackProtocol.h">
      <Filter>BlackJack\BlackJack Headers</Filter>
    </ClInclude>
  </ItemGroup>
</Project>