
Microsoft Visual Studio Solution File, Format Version 12.00
# Visual Studio 2013
VisualStudioVersion = 12.0.30110.0
MinimumVisualStudioVersion = 10.0.40219.1
Project("{8BC9CEB8-8B4A-11D0-8D11-00A0C91BC942}") = "Client", "Client\Client.vcxproj", "{F770C777-67F7-45B5-8161-05DF01361EAC}"
EndProject
Project("{8BC9CEB8-8B4A-11D0-8D11-00A0C91BC942}") = "Server", "Server\Server.vcxproj", "{5BB1D3DE-1650-455D-B12D-0A33BABC9117}"
EndProject
Global
	GlobalSection(SolutionConfigurationPlatforms) = preSolution
		Debug|Win32 = Debug|Win32
		Release|Win32 = Release|Win32
	EndGlobalSection
	GlobalSection(ProjectConfigurationPlatforms) = postSolution
		{F770C777-67F7-45B5-8161-05DF01361EAC}.Debug|Win32.ActiveCfg = Debug|Win32
		{F770C777-67F7-45B5-8161-05DF01361EAC}.Debug|Win32.Build.0 = Debug|Win32
		{F770C777-67F7-45B5-8161-05DF01361EAC}.Release|Win32.ActiveCfg = Release|Win32
		{F770C777-67F7-45B5-8161-05DF01361EAC}.Release|Win32.Build.0 = Release|Win32
		{5BB1D3DE-1650-455D-B12D-0A33BABC9117}.Debug|Win32.ActiveCfg = Debug|Win32
		{5BB1D3DE-1650-455D-B12D-0A33BABC9117}.Debug|Win32.Build.0 = Debug|Win32
		{5BB1D3DE-1650-455D-B12D-0A33BABC9117}.Release|Win32.ActiveCfg = Release|Win32
		{5BB1D3DE-1650-455D-B12D-0A33BABC9117}.Release|Win32.Build.0 = Release|Win32
	EndGlobalSection
	GlobalSection(SolutionProperties) = preSolution
		HideSolutionNode = FALSE
	EndGlobalSection
EndGlobal
