
Microsoft Visual Studio Solution File, Format Version 12.00
# Visual Studio 2013
VisualStudioVersion = 12.0.30110.0
MinimumVisualStudioVersion = 10.0.40219.1
Project("{8BC9CEB8-8B4A-11D0-8D11-00A0C91BC942}") = "Assignment-1_Blinn-Phong-Shading", "Assignment-1_Blinn-Phong-Shading\Assignment-1_Blinn-Phong-Shading.vcxproj", "{87377B88-46B0-4079-9F48-5798C8E5701C}"
EndProject
Project("{8BC9CEB8-8B4A-11D0-8D11-00A0C91BC942}") = "Assignment-2_Skybox", "Assignment-2_Skybox\Assignment-2_Skybox.vcxproj", "{6369B674-FDBD-45F6-AAD6-8DCBE1426814}"
EndProject
Project("{8BC9CEB8-8B4A-11D0-8D11-00A0C91BC942}") = "Assignment-3_Mirror", "Assignment-3_Mirror\Assignment-3_Mirror.vcxproj", "{3E4A68E2-2FB6-4CB8-A0EE-A3B2110AF067}"
EndProject
Project("{8BC9CEB8-8B4A-11D0-8D11-00A0C91BC942}") = "Assignment-4_Tetrahedron", "Assignment-4_Tetrahedron\Assignment-4_Tetrahedron.vcxproj", "{B9ACBEEF-569C-4F88-AA1E-93290B289A72}"
EndProject
Global
	GlobalSection(SolutionConfigurationPlatforms) = preSolution
		Debug|Win32 = Debug|Win32
		Release|Win32 = Release|Win32
	EndGlobalSection
	GlobalSection(ProjectConfigurationPlatforms) = postSolution
		{87377B88-46B0-4079-9F48-5798C8E5701C}.Debug|Win32.ActiveCfg = Debug|Win32
		{87377B88-46B0-4079-9F48-5798C8E5701C}.Debug|Win32.Build.0 = Debug|Win32
		{87377B88-46B0-4079-9F48-5798C8E5701C}.Release|Win32.ActiveCfg = Release|Win32
		{87377B88-46B0-4079-9F48-5798C8E5701C}.Release|Win32.Build.0 = Release|Win32
		{6369B674-FDBD-45F6-AAD6-8DCBE1426814}.Debug|Win32.ActiveCfg = Debug|Win32
		{6369B674-FDBD-45F6-AAD6-8DCBE1426814}.Debug|Win32.Build.0 = Debug|Win32
		{6369B674-FDBD-45F6-AAD6-8DCBE1426814}.Release|Win32.ActiveCfg = Release|Win32
		{6369B674-FDBD-45F6-AAD6-8DCBE1426814}.Release|Win32.Build.0 = Release|Win32
		{3E4A68E2-2FB6-4CB8-A0EE-A3B2110AF067}.Debug|Win32.ActiveCfg = Debug|Win32
		{3E4A68E2-2FB6-4CB8-A0EE-A3B2110AF067}.Debug|Win32.Build.0 = Debug|Win32
		{3E4A68E2-2FB6-4CB8-A0EE-A3B2110AF067}.Release|Win32.ActiveCfg = Release|Win32
		{3E4A68E2-2FB6-4CB8-A0EE-A3B2110AF067}.Release|Win32.Build.0 = Release|Win32
		{B9ACBEEF-569C-4F88-AA1E-93290B289A72}.Debug|Win32.ActiveCfg = Debug|Win32
		{B9ACBEEF-569C-4F88-AA1E-93290B289A72}.Debug|Win32.Build.0 = Debug|Win32
		{B9ACBEEF-569C-4F88-AA1E-93290B289A72}.Release|Win32.ActiveCfg = Release|Win32
		{B9ACBEEF-569C-4F88-AA1E-93290B289A72}.Release|Win32.Build.0 = Release|Win32
	EndGlobalSection
	GlobalSection(SolutionProperties) = preSolution
		HideSolutionNode = FALSE
	EndGlobalSection
EndGlobal
